<?xml version="1.0" encoding="utf-8"?>
<Project ToolsVersion="4.0" xmlns="http://schemas.microsoft.com/developer/msbuild/2003">
  <ItemGroup>
    <Filter Include="src">
      <UniqueIdentifier>{724b1d8f-da65-47ba-a871-b9247ab41d0f}</UniqueIdentifier>
    </Filter>
    <Filter Include="src\worm_painters">
      <UniqueIdentifier>{0156620f-aa38-48f7-8570-e632b8d304a3}</UniqueIdentifier>
    </Filter>
    <Filter Include="src\elements">
      <UniqueIdentifier>{6c530ac0-1a08-4e50-ad56-0cda5efb6423}</UniqueIdentifier>
    </Filter>
    <Filter Include="src\objects">
      <UniqueIdentifier>{e690840f-8db9-4c5f-9985-6ffa0e5d2ef9}</UniqueIdentifier>
    </Filter>
    <Filter Include="src\elements\gameplay">
      <UniqueIdentifier>{a52cb11f-0728-422e-a7a0-526910726357}</UniqueIdentifier>
    </Filter>
    <Filter Include="src\elements\map">
      <UniqueIdentifier>{c1e0b06c-e4cb-4106-83ea-ded4862d39b5}</UniqueIdentifier>
    </Filter>
    <Filter Include="src\objects\pressure_plate">
      <UniqueIdentifier>{8ad2413c-2ff3-4fb9-ab19-3382b678458a}</UniqueIdentifier>
    </Filter>
    <Filter Include="src\objects\player">
      <UniqueIdentifier>{caa5c8be-42c5-4c72-9370-a650b1585702}</UniqueIdentifier>
    </Filter>
    <Filter Include="src\elements\menu">
      <UniqueIdentifier>{bf16fbba-a813-4a3a-8c72-bd432aa45dc3}</UniqueIdentifier>
    </Filter>
    <Filter Include="src\objects\fruit">
      <UniqueIdentifier>{8d1b400d-cb2e-4857-a61e-04e696cc40f0}</UniqueIdentifier>
    </Filter>
    <Filter Include="src\objects\worm">
      <UniqueIdentifier>{af0f554b-20d2-4d79-a4ab-373c004e0984}</UniqueIdentifier>
    </Filter>
  </ItemGroup>
  <ItemGroup>
    <ClCompile Include="..\src\main.cpp">
      <Filter>src</Filter>
    </ClCompile>
    <ClCompile Include="..\src\worm_painters\worm_painters.cpp">
      <Filter>src\worm_painters</Filter>
    </ClCompile>
    <ClCompile Include="..\src\elements\gameplay\gameplay.cpp">
      <Filter>src\elements\gameplay</Filter>
    </ClCompile>
    <ClCompile Include="..\src\elements\map\map.cpp">
      <Filter>src\elements\map</Filter>
    </ClCompile>
    <ClCompile Include="..\src\objects\pressure_plate\pressure_plate.cpp">
      <Filter>src\objects\pressure_plate</Filter>
    </ClCompile>
    <ClCompile Include="..\src\objects\player\player.cpp">
      <Filter>src\objects\player</Filter>
    </ClCompile>
    <ClCompile Include="..\src\elements\menu\menu.cpp">
      <Filter>src\elements\menu</Filter>
    </ClCompile>
    <ClCompile Include="..\src\objects\fruit\fruit.cpp">
      <Filter>src\objects\fruit</Filter>
    </ClCompile>
    <ClCompile Include="..\src\objects\worm\worm.cpp">
      <Filter>src\objects\worm</Filter>
    </ClCompile>
  </ItemGroup>
  <ItemGroup>
    <ClInclude Include="..\src\worm_painters\worm_painters.h">
      <Filter>src\worm_painters</Filter>
    </ClInclude>
    <ClInclude Include="..\src\elements\gameplay\gameplay.h">
      <Filter>src\elements\gameplay</Filter>
    </ClInclude>
    <ClInclude Include="..\src\elements\map\map.h">
      <Filter>src\elements\map</Filter>
    </ClInclude>
    <ClInclude Include="..\src\objects\pressure_plate\pressure_plate.h">
      <Filter>src\objects\pressure_plate</Filter>
    </ClInclude>
    <ClInclude Include="..\src\objects\player\player.h">
      <Filter>src\objects\player</Filter>
    </ClInclude>
    <ClInclude Include="..\src\elements\menu\menu.h">
      <Filter>src\elements\menu</Filter>
    </ClInclude>
    <ClInclude Include="..\src\objects\fruit\fruit.h">
      <Filter>src\objects\fruit</Filter>
    </ClInclude>
    <ClInclude Include="..\src\objects\worm\worm.h">
      <Filter>src\objects\worm</Filter>
    </ClInclude>
  </ItemGroup>
</Project>